<?xml version="1.0" encoding="utf-8"?>
<Project ToolsVersion="4.0" xmlns="http://schemas.microsoft.com/developer/msbuild/2003">
  <ItemGroup>
    <Filter Include="资源文件">
      <UniqueIdentifier>{67DA6AB6-F800-4c08-8B7A-83BB121AAD01}</UniqueIdentifier>
      <Extensions>rc;ico;cur;bmp;dlg;rc2;rct;bin;rgs;gif;jpg;jpeg;jpe;resx;tiff;tif;png;wav;mfcribbon-ms</Extensions>
    </Filter>
    <Filter Include="src">
      <UniqueIdentifier>{a01dfaf4-789c-4141-bf1a-3f29ba0af7ae}</UniqueIdentifier>
    </Filter>
    <Filter Include="NewFilter1">
      <UniqueIdentifier>{474f84a4-cf12-4601-911d-8886608888f5}</UniqueIdentifier>
    </Filter>
    <Filter Include="resource">
      <UniqueIdentifier>{0fec39cb-7296-43de-8b13-d143e997183d}</UniqueIdentifier>
    </Filter>
    <Filter Include="src\Tools">
      <UniqueIdentifier>{01bb190c-544e-4bdc-aa13-97dee194db25}</UniqueIdentifier>
    </Filter>
    <Filter Include="src\glm">
      <UniqueIdentifier>{0fd9ae77-cdb5-4f2b-a6d8-54f62185174d}</UniqueIdentifier>
    </Filter>
    <Filter Include="src\glm\gtx">
      <UniqueIdentifier>{b0763157-37b1-42fa-9fc3-6812615ef7e3}</UniqueIdentifier>
    </Filter>
  </ItemGroup>
  <ItemGroup>
    <ClCompile Include="src\application.cpp">
      <Filter>src</Filter>
    </ClCompile>
    <ClCompile Include="src\src1.cpp">
      <Filter>src</Filter>
    </ClCompile>
    <ClCompile Include="src\basic.cpp">
      <Filter>src</Filter>
    </ClCompile>
    <ClCompile Include="src\wenli.cpp">
      <Filter>src</Filter>
    </ClCompile>
    <ClCompile Include="src\tools.cpp">
      <Filter>src</Filter>
    </ClCompile>
    <ClCompile Include="src\testTexture.cpp">
      <Filter>src</Filter>
    </ClCompile>
    <ClCompile Include="src\translate.cpp">
      <Filter>src</Filter>
    </ClCompile>
    <ClCompile Include="src\CoordinateSystem.cpp">
      <Filter>src</Filter>
    </ClCompile>
    <ClCompile Include="src\rotate.cpp">
      <Filter>src</Filter>
    </ClCompile>
    <ClCompile Include="src\rotateCube.cpp">
      <Filter>src</Filter>
    </ClCompile>
  </ItemGroup>
  <ItemGroup>
    <ClInclude Include="src\head.h">
      <Filter>src</Filter>
    </ClInclude>
    <ClInclude Include="src\texture.h">
      <Filter>src</Filter>
    </ClInclude>
    <ClInclude Include="resource.h" />
    <ClInclude Include="src\tools.h">
      <Filter>src</Filter>
    </ClInclude>
    <ClInclude Include="src\Tools\shader.h">
      <Filter>src\Tools</Filter>
    </ClInclude>
    <ClInclude Include="src\Tools\std_image.h">
      <Filter>src\Tools</Filter>
    </ClInclude>
    <ClInclude Include="src\glm\common.hpp">
      <Filter>src\glm</Filter>
    </ClInclude>
    <ClInclude Include="src\glm\exponential.hpp">
      <Filter>src\glm</Filter>
    </ClInclude>
    <ClInclude Include="src\glm\ext.hpp">
      <Filter>src\glm</Filter>
    </ClInclude>
    <ClInclude Include="src\glm\fwd.hpp">
      <Filter>src\glm</Filter>
    </ClInclude>
    <ClInclude Include="src\glm\geometric.hpp">
      <Filter>src\glm</Filter>
    </ClInclude>
    <ClInclude Include="src\glm\glm.hpp">
      <Filter>src\glm</Filter>
    </ClInclude>
    <ClInclude Include="src\glm\integer.hpp">
      <Filter>src\glm</Filter>
    </ClInclude>
    <ClInclude Include="src\glm\mat2x2.hpp">
      <Filter>src\glm</Filter>
    </ClInclude>
    <ClInclude Include="src\glm\mat2x3.hpp">
      <Filter>src\glm</Filter>
    </ClInclude>
    <ClInclude Include="src\glm\mat2x4.hpp">
      <Filter>src\glm</Filter>
    </ClInclude>
    <ClInclude Include="src\glm\mat3x2.hpp">
      <Filter>src\glm</Filter>
    </ClInclude>
    <ClInclude Include="src\glm\mat3x3.hpp">
      <Filter>src\glm</Filter>
    </ClInclude>
    <ClInclude Include="src\glm\mat3x4.hpp">
      <Filter>src\glm</Filter>
    </ClInclude>
    <ClInclude Include="src\glm\mat4x2.hpp">
      <Filter>src\glm</Filter>
    </ClInclude>
    <ClInclude Include="src\glm\mat4x3.hpp">
      <Filter>src\glm</Filter>
    </ClInclude>
    <ClInclude Include="src\glm\mat4x4.hpp">
      <Filter>src\glm</Filter>
    </ClInclude>
    <ClInclude Include="src\glm\matrix.hpp">
      <Filter>src\glm</Filter>
    </ClInclude>
    <ClInclude Include="src\glm\packing.hpp">
      <Filter>src\glm</Filter>
    </ClInclude>
    <ClInclude Include="src\glm\trigonometric.hpp">
      <Filter>src\glm</Filter>
    </ClInclude>
    <ClInclude Include="src\glm\vec2.hpp">
      <Filter>src\glm</Filter>
    </ClInclude>
    <ClInclude Include="src\glm\vec3.hpp">
      <Filter>src\glm</Filter>
    </ClInclude>
    <ClInclude Include="src\glm\vec4.hpp">
      <Filter>src\glm</Filter>
    </ClInclude>
    <ClInclude Include="src\glm\vector_relational.hpp">
      <Filter>src\glm</Filter>
    </ClInclude>
    <ClInclude Include="src\translate.h">
      <Filter>src</Filter>
    </ClInclude>
    <ClInclude Include="src\CoordinateSystem.h">
      <Filter>src</Filter>
    </ClInclude>
  </ItemGroup>
  <ItemGroup>
    <ResourceCompile Include="Project1.rc">
      <Filter>资源文件</Filter>
    </ResourceCompile>
  </ItemGroup>
  <ItemGroup>
    <Image Include="resource\container.jpg">
      <Filter>资源文件</Filter>
    </Image>
    <Image Include="resource\awesomeface.png">
      <Filter>资源文件</Filter>
    </Image>
  </ItemGroup>
  <ItemGroup>
    <Text Include="src\glm\CMakeLists.txt">
      <Filter>src\glm</Filter>
    </Text>
  </ItemGroup>
</Project>